
Microsoft Visual Studio Solution File, Format Version 12.00
# Visual Studio 15
VisualStudioVersion = 15.0.27130.2010
MinimumVisualStudioVersion = 10.0.40219.1
Project("{E24C65DC-7377-472B-9ABA-BC803B73C61A}") = "WaxWash", "WaxWash\", "{C40FAE1D-DEF1-4BC5-AA94-F64D766597B2}"
	ProjectSection(WebsiteProperties) = preProject
		TargetFrameworkMoniker = ".NETFramework,Version%3Dv4.6.1"
		Debug.AspNetCompiler.VirtualPath = "/localhost_50914"
		Debug.AspNetCompiler.PhysicalPath = "WaxWash\"
		Debug.AspNetCompiler.TargetPath = "PrecompiledWeb\localhost_50914\"
		Debug.AspNetCompiler.Updateable = "true"
		Debug.AspNetCompiler.ForceOverwrite = "true"
		Debug.AspNetCompiler.FixedNames = "false"
		Debug.AspNetCompiler.Debug = "True"
		Release.AspNetCompiler.VirtualPath = "/localhost_50914"
		Release.AspNetCompiler.PhysicalPath = "WaxWash\"
		Release.AspNetCompiler.TargetPath = "PrecompiledWeb\localhost_50914\"
		Release.AspNetCompiler.Updateable = "true"
		Release.AspNetCompiler.ForceOverwrite = "true"
		Release.AspNetCompiler.FixedNames = "false"
		Release.AspNetCompiler.Debug = "False"
		VWDPort = "50914"
		SlnRelativePath = "WaxWash\"
		DefaultWebSiteLanguage = "Visual C#"
	EndProjectSection
EndProject
Global
	GlobalSection(SolutionConfigurationPlatforms) = preSolution
		Debug|Any CPU = Debug|Any CPU
	EndGlobalSection
	GlobalSection(ProjectConfigurationPlatforms) = postSolution
		{C40FAE1D-DEF1-4BC5-AA94-F64D766597B2}.Debug|Any CPU.ActiveCfg = Debug|Any CPU
		{C40FAE1D-DEF1-4BC5-AA94-F64D766597B2}.Debug|Any CPU.Build.0 = Debug|Any CPU
	EndGlobalSection
	GlobalSection(SolutionProperties) = preSolution
		HideSolutionNode = FALSE
	EndGlobalSection
	GlobalSection(ExtensibilityGlobals) = postSolution
		SolutionGuid = {57CCF3F8-F461-4D9E-8CCD-DE302588D99B}
	EndGlobalSection
EndGlobal
